
Microsoft Visual Studio Solution File, Format Version 12.00
Project("{FAE04EC0-301F-11D3-BF4B-00C04F79EFBC}") = "CacheRESTApiWithRedis", "CacheRESTApiWithRedis\CacheRESTApiWithRedis.csproj", "{622B9703-BE47-4600-A807-79453AA9EC34}"
EndProject
Global
	GlobalSection(SolutionConfigurationPlatforms) = preSolution
		Debug|Any CPU = Debug|Any CPU
		Release|Any CPU = Release|Any CPU
	EndGlobalSection
	GlobalSection(ProjectConfigurationPlatforms) = postSolution
		{622B9703-BE47-4600-A807-79453AA9EC34}.Debug|Any CPU.ActiveCfg = Debug|Any CPU
		{622B9703-BE47-4600-A807-79453AA9EC34}.Debug|Any CPU.Build.0 = Debug|Any CPU
		{622B9703-BE47-4600-A807-79453AA9EC34}.Release|Any CPU.ActiveCfg = Release|Any CPU
		{622B9703-BE47-4600-A807-79453AA9EC34}.Release|Any CPU.Build.0 = Release|Any CPU
	EndGlobalSection
EndGlobal
